{
    "_readme": [
        "This file locks the dependencies of your project to a known state",
        "Read more about it at https://getcomposer.org/doc/01-basic-usage.md#composer-lock-the-lock-file",
        "This file is @generated automatically"
    ],
    "hash": "7199a2f18295d32085a97d57af061f30",
    "content-hash": "a8eebcb1ccfc9f7a4865559eaabde422",
    "packages": [],
    "packages-dev": [],
    "aliases": [],
    "minimum-stability": "dev",
    "stability-flags": [],
    "prefer-stable": false,
    "prefer-lowest": false,
    "platform": {
        "php": ">=7.0",
        "ext-json": "*",
        "ext-redis": "*",
        "ext-dom": "*"
    },
    "platform-dev": []
}
